
Microsoft Visual Studio Solution File, Format Version 12.00
# Visual Studio 2012
Project("{FAE04EC0-301F-11D3-BF4B-00C04F79EFBC}") = "Practice", "Practice\Practice.csproj", "{2D1C56E7-F951-48CF-B0DE-1D9B43B0953C}"
EndProject
Project("{FAE04EC0-301F-11D3-BF4B-00C04F79EFBC}") = "GemStones", "GemStones\GemStones.csproj", "{D17D5FC5-81D6-4860-A475-6F369901C4DF}"
EndProject
Project("{FAE04EC0-301F-11D3-BF4B-00C04F79EFBC}") = "StringCompression", "StringCompression\StringCompression.csproj", "{8D5E8269-BC6F-42EC-A001-1FD9D79FAAAD}"
EndProject
Project("{FAE04EC0-301F-11D3-BF4B-00C04F79EFBC}") = "IsPangram", "IsPangram\IsPangram.csproj", "{DCEAAC77-1B5C-4467-9B96-71775D962408}"
EndProject
Project("{FAE04EC0-301F-11D3-BF4B-00C04F79EFBC}") = "LinkedList", "LinkedList\LinkedList.csproj", "{37E2A7B1-FC6A-4D35-9497-0718A4D14195}"
EndProject
Project("{FAE04EC0-301F-11D3-BF4B-00C04F79EFBC}") = "PalindromeIndex", "PalindromeIndex\PalindromeIndex.csproj", "{3A56AF01-BA8B-4B56-97F8-B6076F6BD2CE}"
EndProject
Project("{FAE04EC0-301F-11D3-BF4B-00C04F79EFBC}") = "Anagram", "Anagram\Anagram.csproj", "{1C3311D7-69A9-4499-8D6E-4147B1499C31}"
EndProject
Project("{FAE04EC0-301F-11D3-BF4B-00C04F79EFBC}") = "IceCreamParlor", "IceCreamParlor\IceCreamParlor.csproj", "{8AD8685F-2186-4F81-95AD-554720CD107D}"
EndProject
Global
	GlobalSection(SolutionConfigurationPlatforms) = preSolution
		Debug|x86 = Debug|x86
		Release|x86 = Release|x86
	EndGlobalSection
	GlobalSection(ProjectConfigurationPlatforms) = postSolution
		{1C3311D7-69A9-4499-8D6E-4147B1499C31}.Debug|x86.ActiveCfg = Debug|x86
		{1C3311D7-69A9-4499-8D6E-4147B1499C31}.Debug|x86.Build.0 = Debug|x86
		{1C3311D7-69A9-4499-8D6E-4147B1499C31}.Release|x86.ActiveCfg = Release|x86
		{1C3311D7-69A9-4499-8D6E-4147B1499C31}.Release|x86.Build.0 = Release|x86
		{2D1C56E7-F951-48CF-B0DE-1D9B43B0953C}.Debug|x86.ActiveCfg = Debug|x86
		{2D1C56E7-F951-48CF-B0DE-1D9B43B0953C}.Debug|x86.Build.0 = Debug|x86
		{2D1C56E7-F951-48CF-B0DE-1D9B43B0953C}.Release|x86.ActiveCfg = Release|x86
		{2D1C56E7-F951-48CF-B0DE-1D9B43B0953C}.Release|x86.Build.0 = Release|x86
		{37E2A7B1-FC6A-4D35-9497-0718A4D14195}.Debug|x86.ActiveCfg = Debug|x86
		{37E2A7B1-FC6A-4D35-9497-0718A4D14195}.Debug|x86.Build.0 = Debug|x86
		{37E2A7B1-FC6A-4D35-9497-0718A4D14195}.Release|x86.ActiveCfg = Release|x86
		{37E2A7B1-FC6A-4D35-9497-0718A4D14195}.Release|x86.Build.0 = Release|x86
		{3A56AF01-BA8B-4B56-97F8-B6076F6BD2CE}.Debug|x86.ActiveCfg = Debug|x86
		{3A56AF01-BA8B-4B56-97F8-B6076F6BD2CE}.Debug|x86.Build.0 = Debug|x86
		{3A56AF01-BA8B-4B56-97F8-B6076F6BD2CE}.Release|x86.ActiveCfg = Release|x86
		{3A56AF01-BA8B-4B56-97F8-B6076F6BD2CE}.Release|x86.Build.0 = Release|x86
		{8AD8685F-2186-4F81-95AD-554720CD107D}.Debug|x86.ActiveCfg = Debug|x86
		{8AD8685F-2186-4F81-95AD-554720CD107D}.Debug|x86.Build.0 = Debug|x86
		{8AD8685F-2186-4F81-95AD-554720CD107D}.Release|x86.ActiveCfg = Release|x86
		{8AD8685F-2186-4F81-95AD-554720CD107D}.Release|x86.Build.0 = Release|x86
		{8D5E8269-BC6F-42EC-A001-1FD9D79FAAAD}.Debug|x86.ActiveCfg = Debug|x86
		{8D5E8269-BC6F-42EC-A001-1FD9D79FAAAD}.Debug|x86.Build.0 = Debug|x86
		{8D5E8269-BC6F-42EC-A001-1FD9D79FAAAD}.Release|x86.ActiveCfg = Release|x86
		{8D5E8269-BC6F-42EC-A001-1FD9D79FAAAD}.Release|x86.Build.0 = Release|x86
		{D17D5FC5-81D6-4860-A475-6F369901C4DF}.Debug|x86.ActiveCfg = Debug|x86
		{D17D5FC5-81D6-4860-A475-6F369901C4DF}.Debug|x86.Build.0 = Debug|x86
		{D17D5FC5-81D6-4860-A475-6F369901C4DF}.Release|x86.ActiveCfg = Release|x86
		{D17D5FC5-81D6-4860-A475-6F369901C4DF}.Release|x86.Build.0 = Release|x86
		{DCEAAC77-1B5C-4467-9B96-71775D962408}.Debug|x86.ActiveCfg = Debug|x86
		{DCEAAC77-1B5C-4467-9B96-71775D962408}.Debug|x86.Build.0 = Debug|x86
		{DCEAAC77-1B5C-4467-9B96-71775D962408}.Release|x86.ActiveCfg = Release|x86
		{DCEAAC77-1B5C-4467-9B96-71775D962408}.Release|x86.Build.0 = Release|x86
	EndGlobalSection
	GlobalSection(MonoDevelopProperties) = preSolution
		StartupItem = IceCreamParlor\IceCreamParlor.csproj
	EndGlobalSection
EndGlobal
